// !$*UTF8*$!
{
	archiveVersion = 1;
	classes = {
	};
	objectVersion = 54;
	objects = {

/* Begin PBXBuildFile section */
		00E356F31AD99517003FC87E /* dream_mobileTests.m in Sources */ = {isa = PBXBuildFile; fileRef = 00E356F21AD99517003FC87E /* dream_mobileTests.m */; };
		0C80B921A6F3F58F76C31292 /* libPods-dream_mobile.a in Frameworks */ = {isa = PBXBuildFile; fileRef = 5DCACB8F33CDC322A6C60F78 /* libPods-dream_mobile.a */; };
		13B07FBC1A68108700A75B9A /* AppDelegate.mm in Sources */ = {isa = PBXBuildFile; fileRef = 13B07FB01A68108700A75B9A /* AppDelegate.mm */; };
		13B07FBF1A68108700A75B9A /* Images.xcassets in Resources */ = {isa = PBXBuildFile; fileRef = 13B07FB51A68108700A75B9A /* Images.xcassets */; };
		13B07FC11A68108700A75B9A /* main.m in Sources */ = {isa = PBXBuildFile; fileRef = 13B07FB71A68108700A75B9A /* main.m */; };
		7699B88040F8A987B510C191 /* libPods-dream_mobile-dream_mobileTests.a in Frameworks */ = {isa = PBXBuildFile; fileRef = 19F6CBCC0A4E27FBF8BF4A61 /* libPods-dream_mobile-dream_mobileTests.a */; };
		81AB9BB82411601600AC10FF /* LaunchScreen.storyboard in Resources */ = {isa = PBXBuildFile; fileRef = 81AB9BB72411601600AC10FF /* LaunchScreen.storyboard */; };
		D5EAFA5C255140C197899471 /* BeVietnamPro-Black.ttf in Resources */ = {isa = PBXBuildFile; fileRef = B1AA7875A69140C497ED8E43 /* BeVietnamPro-Black.ttf */; };
		AC13692E0E054E65A2D891DC /* BeVietnamPro-BlackItalic.ttf in Resources */ = {isa = PBXBuildFile; fileRef = 9EFE6A3653E74A98889D80F2 /* BeVietnamPro-BlackItalic.ttf */; };
		D9E0A146AD924A0FAB188EE2 /* BeVietnamPro-Bold.ttf in Resources */ = {isa = PBXBuildFile; fileRef = 708CAD948B034534B4AC785F /* BeVietnamPro-Bold.ttf */; };
		AF54A98F2E3D4505B8B37A29 /* BeVietnamPro-BoldItalic.ttf in Resources */ = {isa = PBXBuildFile; fileRef = BFA564BFD0324B29B59D08ED /* BeVietnamPro-BoldItalic.ttf */; };
		4DBFEB30576C4540931174F3 /* BeVietnamPro-ExtraBold.ttf in Resources */ = {isa = PBXBuildFile; fileRef = 94B41E52A6394745B80056C4 /* BeVietnamPro-ExtraBold.ttf */; };
		C96AA8B3C30A44259C9AC12A /* BeVietnamPro-ExtraBoldItalic.ttf in Resources */ = {isa = PBXBuildFile; fileRef = A0855117717A408A81C36DC9 /* BeVietnamPro-ExtraBoldItalic.ttf */; };
		A7E1C1109851429FADCAC734 /* BeVietnamPro-ExtraLight.ttf in Resources */ = {isa = PBXBuildFile; fileRef = 06EB5E3ECCF34890BA05D6DB /* BeVietnamPro-ExtraLight.ttf */; };
		D4F6956C98C84820AB78B5AA /* BeVietnamPro-ExtraLightItalic.ttf in Resources */ = {isa = PBXBuildFile; fileRef = DDC5C21C64B645FEAD4AA1B1 /* BeVietnamPro-ExtraLightItalic.ttf */; };
		97084993ACD641CCA6A2C95B /* BeVietnamPro-Italic.ttf in Resources */ = {isa = PBXBuildFile; fileRef = 96B66FCB219E4267BBC843C7 /* BeVietnamPro-Italic.ttf */; };
		F6FA8EF2133C4041A7D51A29 /* BeVietnamPro-Light.ttf in Resources */ = {isa = PBXBuildFile; fileRef = EC6182140F16442EB75C370D /* BeVietnamPro-Light.ttf */; };
		336193CABF1D469ABC1674C5 /* BeVietnamPro-LightItalic.ttf in Resources */ = {isa = PBXBuildFile; fileRef = EA32E0ECED8046589FE32233 /* BeVietnamPro-LightItalic.ttf */; };
		46B199CAED7848A7A619E7D4 /* BeVietnamPro-Medium.ttf in Resources */ = {isa = PBXBuildFile; fileRef = 0FCE5883AEEF473785277C09 /* BeVietnamPro-Medium.ttf */; };
		AFA2BA957E2B4A2CA417AD83 /* BeVietnamPro-MediumItalic.ttf in Resources */ = {isa = PBXBuildFile; fileRef = 7D0F61F65C274701B10813B6 /* BeVietnamPro-MediumItalic.ttf */; };
		76BFFD0F9CB34A289B58C9E9 /* BeVietnamPro-Regular.ttf in Resources */ = {isa = PBXBuildFile; fileRef = 22299AA1C0024574A9B80CC4 /* BeVietnamPro-Regular.ttf */; };
		141D72D085AD4153AD7E2E86 /* BeVietnamPro-SemiBold.ttf in Resources */ = {isa = PBXBuildFile; fileRef = C9020EA94FB1422592509E69 /* BeVietnamPro-SemiBold.ttf */; };
		1C123AA377BC46B79860CB26 /* BeVietnamPro-SemiBoldItalic.ttf in Resources */ = {isa = PBXBuildFile; fileRef = DB6CA34CE2834CEEA701EA93 /* BeVietnamPro-SemiBoldItalic.ttf */; };
		89B204845BD24C9B9183CF92 /* BeVietnamPro-Thin.ttf in Resources */ = {isa = PBXBuildFile; fileRef = 5784AE65D69E450B97013858 /* BeVietnamPro-Thin.ttf */; };
		180D0EAE2C064F36A110F752 /* BeVietnamPro-ThinItalic.ttf in Resources */ = {isa = PBXBuildFile; fileRef = D16FDE33DC8E4BC09D7A1348 /* BeVietnamPro-ThinItalic.ttf */; };
		93C84DEE2F63486D831522A3 /* Borel-Regular.ttf in Resources */ = {isa = PBXBuildFile; fileRef = F69DC1CCB19A43F3A3CABEE2 /* Borel-Regular.ttf */; };
		F16C86572AE046DA92118659 /* lato-black.ttf in Resources */ = {isa = PBXBuildFile; fileRef = F7D942B30D0C4B42AC7F83AC /* lato-black.ttf */; };
		24B281DA5BD1408687EDF254 /* lato-blackitalic.ttf in Resources */ = {isa = PBXBuildFile; fileRef = 4A8F83AA32FF4F1FB15C4F25 /* lato-blackitalic.ttf */; };
		78951CB00E404C7596ED3BE3 /* lato-bold.ttf in Resources */ = {isa = PBXBuildFile; fileRef = A11B979C2D56412FBEEDC401 /* lato-bold.ttf */; };
		8339448079AB444A8820D33B /* lato-bolditalic.ttf in Resources */ = {isa = PBXBuildFile; fileRef = 63795F65B5CE4D6EBDAE9365 /* lato-bolditalic.ttf */; };
		6DC0C4EEC3FE475F89841F50 /* lato-hairline.ttf in Resources */ = {isa = PBXBuildFile; fileRef = 85293961F9D9451F942A9D32 /* lato-hairline.ttf */; };
		39508ADFCF634B17BF155627 /* lato-hairlineitalic.ttf in Resources */ = {isa = PBXBuildFile; fileRef = E0E07202CBAC42B5813692AC /* lato-hairlineitalic.ttf */; };
		DDC70039E8BC47B3AAE70A8D /* lato-heavy.ttf in Resources */ = {isa = PBXBuildFile; fileRef = D6386B748DED4F63B0789E88 /* lato-heavy.ttf */; };
		934C1B53343F4AD88AD58D0E /* lato-heavyitalic.ttf in Resources */ = {isa = PBXBuildFile; fileRef = 7D8AA348F26C4D919AACB65F /* lato-heavyitalic.ttf */; };
		FC5411891F984F5B9DF48C47 /* lato-italic.ttf in Resources */ = {isa = PBXBuildFile; fileRef = 4E4C2AAF746843D284114C28 /* lato-italic.ttf */; };
		AA640D0BDABB42209ED3FC85 /* lato-light.ttf in Resources */ = {isa = PBXBuildFile; fileRef = 700982B412264DF3931B7015 /* lato-light.ttf */; };
		F210C633EA9D471396396EAA /* lato-lightitalic.ttf in Resources */ = {isa = PBXBuildFile; fileRef = F0DB743FF46640D0A3199A69 /* lato-lightitalic.ttf */; };
		FDEBD10D4867444BA6BBD4EF /* lato-medium.ttf in Resources */ = {isa = PBXBuildFile; fileRef = DE9FC546BD064CD087C8AE72 /* lato-medium.ttf */; };
		1AEACAD65209428A9D2A83B7 /* lato-mediumitalic.ttf in Resources */ = {isa = PBXBuildFile; fileRef = 295137743AA746B4929E4655 /* lato-mediumitalic.ttf */; };
		85CE0A09463A433F96AC9070 /* lato-regular.ttf in Resources */ = {isa = PBXBuildFile; fileRef = 74044E1E05214D11BC23C03B /* lato-regular.ttf */; };
		0EBA8564929A43A1A1247BFB /* lato-semibold.ttf in Resources */ = {isa = PBXBuildFile; fileRef = 0150A4FF95474924BC71BE62 /* lato-semibold.ttf */; };
		D17BAF5356224A4587DC5997 /* lato-semibolditalic.ttf in Resources */ = {isa = PBXBuildFile; fileRef = A9F8D33E667841CA846F11E7 /* lato-semibolditalic.ttf */; };
		F448DC4554D24273AA0809F3 /* lato-thin.ttf in Resources */ = {isa = PBXBuildFile; fileRef = 59614C60C6994698BAA20AF8 /* lato-thin.ttf */; };
		3F3CF439B8B1480D965B90D8 /* lato-thinitalic.ttf in Resources */ = {isa = PBXBuildFile; fileRef = 613ECF6EE92C44538E437B7E /* lato-thinitalic.ttf */; };
		D2C49398596F4E41A6AC20B9 /* IBMPlexSansArabic-Bold.ttf in Resources */ = {isa = PBXBuildFile; fileRef = 6D264DC04DD644A594EDDD5C /* IBMPlexSansArabic-Bold.ttf */; };
		1428B62A04C44B8997E81D91 /* IBMPlexSansArabic-ExtraLight.ttf in Resources */ = {isa = PBXBuildFile; fileRef = 26199DD2D3AA4FC5BB75AD61 /* IBMPlexSansArabic-ExtraLight.ttf */; };
		E01FEA0F148343F988EEB9C6 /* IBMPlexSansArabic-Light.ttf in Resources */ = {isa = PBXBuildFile; fileRef = 8DEE605C3C90452BB845C901 /* IBMPlexSansArabic-Light.ttf */; };
		284869556B94475E886C252D /* IBMPlexSansArabic-Medium.ttf in Resources */ = {isa = PBXBuildFile; fileRef = B96E1290DC0642DCA3CA8CD5 /* IBMPlexSansArabic-Medium.ttf */; };
		F648AD34F618434A94101B9A /* IBMPlexSansArabic-Regular.ttf in Resources */ = {isa = PBXBuildFile; fileRef = 44C968AF51C843089C0F0E33 /* IBMPlexSansArabic-Regular.ttf */; };
		8A3D29B8CD46438E93DA1C85 /* IBMPlexSansArabic-SemiBold.ttf in Resources */ = {isa = PBXBuildFile; fileRef = 820C6C713E9940A2B21BD700 /* IBMPlexSansArabic-SemiBold.ttf */; };
		19F94952F40C4359ADC80408 /* IBMPlexSansArabic-Thin.ttf in Resources */ = {isa = PBXBuildFile; fileRef = 169ECC7D60CD42619C56652D /* IBMPlexSansArabic-Thin.ttf */; };
/* End PBXBuildFile section */

/* Begin PBXContainerItemProxy section */
		00E356F41AD99517003FC87E /* PBXContainerItemProxy */ = {
			isa = PBXContainerItemProxy;
			containerPortal = 83CBB9F71A601CBA00E9B192 /* Project object */;
			proxyType = 1;
			remoteGlobalIDString = 13B07F861A680F5B00A75B9A;
			remoteInfo = dream_mobile;
		};
/* End PBXContainerItemProxy section */

/* Begin PBXFileReference section */
		00E356EE1AD99517003FC87E /* dream_mobileTests.xctest */ = {isa = PBXFileReference; explicitFileType = wrapper.cfbundle; includeInIndex = 0; path = dream_mobileTests.xctest; sourceTree = BUILT_PRODUCTS_DIR; };
		00E356F11AD99517003FC87E /* Info.plist */ = {isa = PBXFileReference; lastKnownFileType = text.plist.xml; path = Info.plist; sourceTree = "<group>"; };
		00E356F21AD99517003FC87E /* dream_mobileTests.m */ = {isa = PBXFileReference; lastKnownFileType = sourcecode.c.objc; path = dream_mobileTests.m; sourceTree = "<group>"; };
		13B07F961A680F5B00A75B9A /* dream_mobile.app */ = {isa = PBXFileReference; explicitFileType = wrapper.application; includeInIndex = 0; path = dream_mobile.app; sourceTree = BUILT_PRODUCTS_DIR; };
		13B07FAF1A68108700A75B9A /* AppDelegate.h */ = {isa = PBXFileReference; fileEncoding = 4; lastKnownFileType = sourcecode.c.h; name = AppDelegate.h; path = dream_mobile/AppDelegate.h; sourceTree = "<group>"; };
		13B07FB01A68108700A75B9A /* AppDelegate.mm */ = {isa = PBXFileReference; fileEncoding = 4; lastKnownFileType = sourcecode.cpp.objcpp; name = AppDelegate.mm; path = dream_mobile/AppDelegate.mm; sourceTree = "<group>"; };
		13B07FB51A68108700A75B9A /* Images.xcassets */ = {isa = PBXFileReference; lastKnownFileType = folder.assetcatalog; name = Images.xcassets; path = dream_mobile/Images.xcassets; sourceTree = "<group>"; };
		13B07FB61A68108700A75B9A /* Info.plist */ = {isa = PBXFileReference; fileEncoding = 4; lastKnownFileType = text.plist.xml; name = Info.plist; path = dream_mobile/Info.plist; sourceTree = "<group>"; };
		13B07FB71A68108700A75B9A /* main.m */ = {isa = PBXFileReference; fileEncoding = 4; lastKnownFileType = sourcecode.c.objc; name = main.m; path = dream_mobile/main.m; sourceTree = "<group>"; };
		19F6CBCC0A4E27FBF8BF4A61 /* libPods-dream_mobile-dream_mobileTests.a */ = {isa = PBXFileReference; explicitFileType = archive.ar; includeInIndex = 0; path = "libPods-dream_mobile-dream_mobileTests.a"; sourceTree = BUILT_PRODUCTS_DIR; };
		3B4392A12AC88292D35C810B /* Pods-dream_mobile.debug.xcconfig */ = {isa = PBXFileReference; includeInIndex = 1; lastKnownFileType = text.xcconfig; name = "Pods-dream_mobile.debug.xcconfig"; path = "Target Support Files/Pods-dream_mobile/Pods-dream_mobile.debug.xcconfig"; sourceTree = "<group>"; };
		5709B34CF0A7D63546082F79 /* Pods-dream_mobile.release.xcconfig */ = {isa = PBXFileReference; includeInIndex = 1; lastKnownFileType = text.xcconfig; name = "Pods-dream_mobile.release.xcconfig"; path = "Target Support Files/Pods-dream_mobile/Pods-dream_mobile.release.xcconfig"; sourceTree = "<group>"; };
		5B7EB9410499542E8C5724F5 /* Pods-dream_mobile-dream_mobileTests.debug.xcconfig */ = {isa = PBXFileReference; includeInIndex = 1; lastKnownFileType = text.xcconfig; name = "Pods-dream_mobile-dream_mobileTests.debug.xcconfig"; path = "Target Support Files/Pods-dream_mobile-dream_mobileTests/Pods-dream_mobile-dream_mobileTests.debug.xcconfig"; sourceTree = "<group>"; };
		5DCACB8F33CDC322A6C60F78 /* libPods-dream_mobile.a */ = {isa = PBXFileReference; explicitFileType = archive.ar; includeInIndex = 0; path = "libPods-dream_mobile.a"; sourceTree = BUILT_PRODUCTS_DIR; };
		81AB9BB72411601600AC10FF /* LaunchScreen.storyboard */ = {isa = PBXFileReference; fileEncoding = 4; lastKnownFileType = file.storyboard; name = LaunchScreen.storyboard; path = dream_mobile/LaunchScreen.storyboard; sourceTree = "<group>"; };
		89C6BE57DB24E9ADA2F236DE /* Pods-dream_mobile-dream_mobileTests.release.xcconfig */ = {isa = PBXFileReference; includeInIndex = 1; lastKnownFileType = text.xcconfig; name = "Pods-dream_mobile-dream_mobileTests.release.xcconfig"; path = "Target Support Files/Pods-dream_mobile-dream_mobileTests/Pods-dream_mobile-dream_mobileTests.release.xcconfig"; sourceTree = "<group>"; };
		ED297162215061F000B7C4FE /* JavaScriptCore.framework */ = {isa = PBXFileReference; lastKnownFileType = wrapper.framework; name = JavaScriptCore.framework; path = System/Library/Frameworks/JavaScriptCore.framework; sourceTree = SDKROOT; };
		B1AA7875A69140C497ED8E43 /* BeVietnamPro-Black.ttf */ = {isa = PBXFileReference; name = "BeVietnamPro-Black.ttf"; path = "../src/assets/fonts/BeVietnamPro/BeVietnamPro-Black.ttf"; sourceTree = "<group>"; fileEncoding = undefined; lastKnownFileType = unknown; explicitFileType = undefined; includeInIndex = 0; };
		9EFE6A3653E74A98889D80F2 /* BeVietnamPro-BlackItalic.ttf */ = {isa = PBXFileReference; name = "BeVietnamPro-BlackItalic.ttf"; path = "../src/assets/fonts/BeVietnamPro/BeVietnamPro-BlackItalic.ttf"; sourceTree = "<group>"; fileEncoding = undefined; lastKnownFileType = unknown; explicitFileType = undefined; includeInIndex = 0; };
		708CAD948B034534B4AC785F /* BeVietnamPro-Bold.ttf */ = {isa = PBXFileReference; name = "BeVietnamPro-Bold.ttf"; path = "../src/assets/fonts/BeVietnamPro/BeVietnamPro-Bold.ttf"; sourceTree = "<group>"; fileEncoding = undefined; lastKnownFileType = unknown; explicitFileType = undefined; includeInIndex = 0; };
		BFA564BFD0324B29B59D08ED /* BeVietnamPro-BoldItalic.ttf */ = {isa = PBXFileReference; name = "BeVietnamPro-BoldItalic.ttf"; path = "../src/assets/fonts/BeVietnamPro/BeVietnamPro-BoldItalic.ttf"; sourceTree = "<group>"; fileEncoding = undefined; lastKnownFileType = unknown; explicitFileType = undefined; includeInIndex = 0; };
		94B41E52A6394745B80056C4 /* BeVietnamPro-ExtraBold.ttf */ = {isa = PBXFileReference; name = "BeVietnamPro-ExtraBold.ttf"; path = "../src/assets/fonts/BeVietnamPro/BeVietnamPro-ExtraBold.ttf"; sourceTree = "<group>"; fileEncoding = undefined; lastKnownFileType = unknown; explicitFileType = undefined; includeInIndex = 0; };
		A0855117717A408A81C36DC9 /* BeVietnamPro-ExtraBoldItalic.ttf */ = {isa = PBXFileReference; name = "BeVietnamPro-ExtraBoldItalic.ttf"; path = "../src/assets/fonts/BeVietnamPro/BeVietnamPro-ExtraBoldItalic.ttf"; sourceTree = "<group>"; fileEncoding = undefined; lastKnownFileType = unknown; explicitFileType = undefined; includeInIndex = 0; };
		06EB5E3ECCF34890BA05D6DB /* BeVietnamPro-ExtraLight.ttf */ = {isa = PBXFileReference; name = "BeVietnamPro-ExtraLight.ttf"; path = "../src/assets/fonts/BeVietnamPro/BeVietnamPro-ExtraLight.ttf"; sourceTree = "<group>"; fileEncoding = undefined; lastKnownFileType = unknown; explicitFileType = undefined; includeInIndex = 0; };
		DDC5C21C64B645FEAD4AA1B1 /* BeVietnamPro-ExtraLightItalic.ttf */ = {isa = PBXFileReference; name = "BeVietnamPro-ExtraLightItalic.ttf"; path = "../src/assets/fonts/BeVietnamPro/BeVietnamPro-ExtraLightItalic.ttf"; sourceTree = "<group>"; fileEncoding = undefined; lastKnownFileType = unknown; explicitFileType = undefined; includeInIndex = 0; };
		96B66FCB219E4267BBC843C7 /* BeVietnamPro-Italic.ttf */ = {isa = PBXFileReference; name = "BeVietnamPro-Italic.ttf"; path = "../src/assets/fonts/BeVietnamPro/BeVietnamPro-Italic.ttf"; sourceTree = "<group>"; fileEncoding = undefined; lastKnownFileType = unknown; explicitFileType = undefined; includeInIndex = 0; };
		EC6182140F16442EB75C370D /* BeVietnamPro-Light.ttf */ = {isa = PBXFileReference; name = "BeVietnamPro-Light.ttf"; path = "../src/assets/fonts/BeVietnamPro/BeVietnamPro-Light.ttf"; sourceTree = "<group>"; fileEncoding = undefined; lastKnownFileType = unknown; explicitFileType = undefined; includeInIndex = 0; };
		EA32E0ECED8046589FE32233 /* BeVietnamPro-LightItalic.ttf */ = {isa = PBXFileReference; name = "BeVietnamPro-LightItalic.ttf"; path = "../src/assets/fonts/BeVietnamPro/BeVietnamPro-LightItalic.ttf"; sourceTree = "<group>"; fileEncoding = undefined; lastKnownFileType = unknown; explicitFileType = undefined; includeInIndex = 0; };
		0FCE5883AEEF473785277C09 /* BeVietnamPro-Medium.ttf */ = {isa = PBXFileReference; name = "BeVietnamPro-Medium.ttf"; path = "../src/assets/fonts/BeVietnamPro/BeVietnamPro-Medium.ttf"; sourceTree = "<group>"; fileEncoding = undefined; lastKnownFileType = unknown; explicitFileType = undefined; includeInIndex = 0; };
		7D0F61F65C274701B10813B6 /* BeVietnamPro-MediumItalic.ttf */ = {isa = PBXFileReference; name = "BeVietnamPro-MediumItalic.ttf"; path = "../src/assets/fonts/BeVietnamPro/BeVietnamPro-MediumItalic.ttf"; sourceTree = "<group>"; fileEncoding = undefined; lastKnownFileType = unknown; explicitFileType = undefined; includeInIndex = 0; };
		22299AA1C0024574A9B80CC4 /* BeVietnamPro-Regular.ttf */ = {isa = PBXFileReference; name = "BeVietnamPro-Regular.ttf"; path = "../src/assets/fonts/BeVietnamPro/BeVietnamPro-Regular.ttf"; sourceTree = "<group>"; fileEncoding = undefined; lastKnownFileType = unknown; explicitFileType = undefined; includeInIndex = 0; };
		C9020EA94FB1422592509E69 /* BeVietnamPro-SemiBold.ttf */ = {isa = PBXFileReference; name = "BeVietnamPro-SemiBold.ttf"; path = "../src/assets/fonts/BeVietnamPro/BeVietnamPro-SemiBold.ttf"; sourceTree = "<group>"; fileEncoding = undefined; lastKnownFileType = unknown; explicitFileType = undefined; includeInIndex = 0; };
		DB6CA34CE2834CEEA701EA93 /* BeVietnamPro-SemiBoldItalic.ttf */ = {isa = PBXFileReference; name = "BeVietnamPro-SemiBoldItalic.ttf"; path = "../src/assets/fonts/BeVietnamPro/BeVietnamPro-SemiBoldItalic.ttf"; sourceTree = "<group>"; fileEncoding = undefined; lastKnownFileType = unknown; explicitFileType = undefined; includeInIndex = 0; };
		5784AE65D69E450B97013858 /* BeVietnamPro-Thin.ttf */ = {isa = PBXFileReference; name = "BeVietnamPro-Thin.ttf"; path = "../src/assets/fonts/BeVietnamPro/BeVietnamPro-Thin.ttf"; sourceTree = "<group>"; fileEncoding = undefined; lastKnownFileType = unknown; explicitFileType = undefined; includeInIndex = 0; };
		D16FDE33DC8E4BC09D7A1348 /* BeVietnamPro-ThinItalic.ttf */ = {isa = PBXFileReference; name = "BeVietnamPro-ThinItalic.ttf"; path = "../src/assets/fonts/BeVietnamPro/BeVietnamPro-ThinItalic.ttf"; sourceTree = "<group>"; fileEncoding = undefined; lastKnownFileType = unknown; explicitFileType = undefined; includeInIndex = 0; };
		F69DC1CCB19A43F3A3CABEE2 /* Borel-Regular.ttf */ = {isa = PBXFileReference; name = "Borel-Regular.ttf"; path = "../src/assets/fonts/Borel-Regular.ttf"; sourceTree = "<group>"; fileEncoding = undefined; lastKnownFileType = unknown; explicitFileType = undefined; includeInIndex = 0; };
		F7D942B30D0C4B42AC7F83AC /* lato-black.ttf */ = {isa = PBXFileReference; name = "lato-black.ttf"; path = "../src/assets/fonts/Lato/lato-black.ttf"; sourceTree = "<group>"; fileEncoding = undefined; lastKnownFileType = unknown; explicitFileType = undefined; includeInIndex = 0; };
		4A8F83AA32FF4F1FB15C4F25 /* lato-blackitalic.ttf */ = {isa = PBXFileReference; name = "lato-blackitalic.ttf"; path = "../src/assets/fonts/Lato/lato-blackitalic.ttf"; sourceTree = "<group>"; fileEncoding = undefined; lastKnownFileType = unknown; explicitFileType = undefined; includeInIndex = 0; };
		A11B979C2D56412FBEEDC401 /* lato-bold.ttf */ = {isa = PBXFileReference; name = "lato-bold.ttf"; path = "../src/assets/fonts/Lato/lato-bold.ttf"; sourceTree = "<group>"; fileEncoding = undefined; lastKnownFileType = unknown; explicitFileType = undefined; includeInIndex = 0; };
		63795F65B5CE4D6EBDAE9365 /* lato-bolditalic.ttf */ = {isa = PBXFileReference; name = "lato-bolditalic.ttf"; path = "../src/assets/fonts/Lato/lato-bolditalic.ttf"; sourceTree = "<group>"; fileEncoding = undefined; lastKnownFileType = unknown; explicitFileType = undefined; includeInIndex = 0; };
		85293961F9D9451F942A9D32 /* lato-hairline.ttf */ = {isa = PBXFileReference; name = "lato-hairline.ttf"; path = "../src/assets/fonts/Lato/lato-hairline.ttf"; sourceTree = "<group>"; fileEncoding = undefined; lastKnownFileType = unknown; explicitFileType = undefined; includeInIndex = 0; };
		E0E07202CBAC42B5813692AC /* lato-hairlineitalic.ttf */ = {isa = PBXFileReference; name = "lato-hairlineitalic.ttf"; path = "../src/assets/fonts/Lato/lato-hairlineitalic.ttf"; sourceTree = "<group>"; fileEncoding = undefined; lastKnownFileType = unknown; explicitFileType = undefined; includeInIndex = 0; };
		D6386B748DED4F63B0789E88 /* lato-heavy.ttf */ = {isa = PBXFileReference; name = "lato-heavy.ttf"; path = "../src/assets/fonts/Lato/lato-heavy.ttf"; sourceTree = "<group>"; fileEncoding = undefined; lastKnownFileType = unknown; explicitFileType = undefined; includeInIndex = 0; };
		7D8AA348F26C4D919AACB65F /* lato-heavyitalic.ttf */ = {isa = PBXFileReference; name = "lato-heavyitalic.ttf"; path = "../src/assets/fonts/Lato/lato-heavyitalic.ttf"; sourceTree = "<group>"; fileEncoding = undefined; lastKnownFileType = unknown; explicitFileType = undefined; includeInIndex = 0; };
		4E4C2AAF746843D284114C28 /* lato-italic.ttf */ = {isa = PBXFileReference; name = "lato-italic.ttf"; path = "../src/assets/fonts/Lato/lato-italic.ttf"; sourceTree = "<group>"; fileEncoding = undefined; lastKnownFileType = unknown; explicitFileType = undefined; includeInIndex = 0; };
		700982B412264DF3931B7015 /* lato-light.ttf */ = {isa = PBXFileReference; name = "lato-light.ttf"; path = "../src/assets/fonts/Lato/lato-light.ttf"; sourceTree = "<group>"; fileEncoding = undefined; lastKnownFileType = unknown; explicitFileType = undefined; includeInIndex = 0; };
		F0DB743FF46640D0A3199A69 /* lato-lightitalic.ttf */ = {isa = PBXFileReference; name = "lato-lightitalic.ttf"; path = "../src/assets/fonts/Lato/lato-lightitalic.ttf"; sourceTree = "<group>"; fileEncoding = undefined; lastKnownFileType = unknown; explicitFileType = undefined; includeInIndex = 0; };
		DE9FC546BD064CD087C8AE72 /* lato-medium.ttf */ = {isa = PBXFileReference; name = "lato-medium.ttf"; path = "../src/assets/fonts/Lato/lato-medium.ttf"; sourceTree = "<group>"; fileEncoding = undefined; lastKnownFileType = unknown; explicitFileType = undefined; includeInIndex = 0; };
		295137743AA746B4929E4655 /* lato-mediumitalic.ttf */ = {isa = PBXFileReference; name = "lato-mediumitalic.ttf"; path = "../src/assets/fonts/Lato/lato-mediumitalic.ttf"; sourceTree = "<group>"; fileEncoding = undefined; lastKnownFileType = unknown; explicitFileType = undefined; includeInIndex = 0; };
		74044E1E05214D11BC23C03B /* lato-regular.ttf */ = {isa = PBXFileReference; name = "lato-regular.ttf"; path = "../src/assets/fonts/Lato/lato-regular.ttf"; sourceTree = "<group>"; fileEncoding = undefined; lastKnownFileType = unknown; explicitFileType = undefined; includeInIndex = 0; };
		0150A4FF95474924BC71BE62 /* lato-semibold.ttf */ = {isa = PBXFileReference; name = "lato-semibold.ttf"; path = "../src/assets/fonts/Lato/lato-semibold.ttf"; sourceTree = "<group>"; fileEncoding = undefined; lastKnownFileType = unknown; explicitFileType = undefined; includeInIndex = 0; };
		A9F8D33E667841CA846F11E7 /* lato-semibolditalic.ttf */ = {isa = PBXFileReference; name = "lato-semibolditalic.ttf"; path = "../src/assets/fonts/Lato/lato-semibolditalic.ttf"; sourceTree = "<group>"; fileEncoding = undefined; lastKnownFileType = unknown; explicitFileType = undefined; includeInIndex = 0; };
		59614C60C6994698BAA20AF8 /* lato-thin.ttf */ = {isa = PBXFileReference; name = "lato-thin.ttf"; path = "../src/assets/fonts/Lato/lato-thin.ttf"; sourceTree = "<group>"; fileEncoding = undefined; lastKnownFileType = unknown; explicitFileType = undefined; includeInIndex = 0; };
		613ECF6EE92C44538E437B7E /* lato-thinitalic.ttf */ = {isa = PBXFileReference; name = "lato-thinitalic.ttf"; path = "../src/assets/fonts/Lato/lato-thinitalic.ttf"; sourceTree = "<group>"; fileEncoding = undefined; lastKnownFileType = unknown; explicitFileType = undefined; includeInIndex = 0; };
		6D264DC04DD644A594EDDD5C /* IBMPlexSansArabic-Bold.ttf */ = {isa = PBXFileReference; name = "IBMPlexSansArabic-Bold.ttf"; path = "../src/assets/fonts/Arabic/IBMPlexSansArabic-Bold.ttf"; sourceTree = "<group>"; fileEncoding = undefined; lastKnownFileType = unknown; explicitFileType = undefined; includeInIndex = 0; };
		26199DD2D3AA4FC5BB75AD61 /* IBMPlexSansArabic-ExtraLight.ttf */ = {isa = PBXFileReference; name = "IBMPlexSansArabic-ExtraLight.ttf"; path = "../src/assets/fonts/Arabic/IBMPlexSansArabic-ExtraLight.ttf"; sourceTree = "<group>"; fileEncoding = undefined; lastKnownFileType = unknown; explicitFileType = undefined; includeInIndex = 0; };
		8DEE605C3C90452BB845C901 /* IBMPlexSansArabic-Light.ttf */ = {isa = PBXFileReference; name = "IBMPlexSansArabic-Light.ttf"; path = "../src/assets/fonts/Arabic/IBMPlexSansArabic-Light.ttf"; sourceTree = "<group>"; fileEncoding = undefined; lastKnownFileType = unknown; explicitFileType = undefined; includeInIndex = 0; };
		B96E1290DC0642DCA3CA8CD5 /* IBMPlexSansArabic-Medium.ttf */ = {isa = PBXFileReference; name = "IBMPlexSansArabic-Medium.ttf"; path = "../src/assets/fonts/Arabic/IBMPlexSansArabic-Medium.ttf"; sourceTree = "<group>"; fileEncoding = undefined; lastKnownFileType = unknown; explicitFileType = undefined; includeInIndex = 0; };
		44C968AF51C843089C0F0E33 /* IBMPlexSansArabic-Regular.ttf */ = {isa = PBXFileReference; name = "IBMPlexSansArabic-Regular.ttf"; path = "../src/assets/fonts/Arabic/IBMPlexSansArabic-Regular.ttf"; sourceTree = "<group>"; fileEncoding = undefined; lastKnownFileType = unknown; explicitFileType = undefined; includeInIndex = 0; };
		820C6C713E9940A2B21BD700 /* IBMPlexSansArabic-SemiBold.ttf */ = {isa = PBXFileReference; name = "IBMPlexSansArabic-SemiBold.ttf"; path = "../src/assets/fonts/Arabic/IBMPlexSansArabic-SemiBold.ttf"; sourceTree = "<group>"; fileEncoding = undefined; lastKnownFileType = unknown; explicitFileType = undefined; includeInIndex = 0; };
		169ECC7D60CD42619C56652D /* IBMPlexSansArabic-Thin.ttf */ = {isa = PBXFileReference; name = "IBMPlexSansArabic-Thin.ttf"; path = "../src/assets/fonts/Arabic/IBMPlexSansArabic-Thin.ttf"; sourceTree = "<group>"; fileEncoding = undefined; lastKnownFileType = unknown; explicitFileType = undefined; includeInIndex = 0; };
/* End PBXFileReference section */

/* Begin PBXFrameworksBuildPhase section */
		00E356EB1AD99517003FC87E /* Frameworks */ = {
			isa = PBXFrameworksBuildPhase;
			buildActionMask = 2147483647;
			files = (
				7699B88040F8A987B510C191 /* libPods-dream_mobile-dream_mobileTests.a in Frameworks */,
			);
			runOnlyForDeploymentPostprocessing = 0;
		};
		13B07F8C1A680F5B00A75B9A /* Frameworks */ = {
			isa = PBXFrameworksBuildPhase;
			buildActionMask = 2147483647;
			files = (
				0C80B921A6F3F58F76C31292 /* libPods-dream_mobile.a in Frameworks */,
			);
			runOnlyForDeploymentPostprocessing = 0;
		};
/* End PBXFrameworksBuildPhase section */

/* Begin PBXGroup section */
		00E356EF1AD99517003FC87E /* dream_mobileTests */ = {
			isa = PBXGroup;
			children = (
				00E356F21AD99517003FC87E /* dream_mobileTests.m */,
				00E356F01AD99517003FC87E /* Supporting Files */,
			);
			path = dream_mobileTests;
			sourceTree = "<group>";
		};
		00E356F01AD99517003FC87E /* Supporting Files */ = {
			isa = PBXGroup;
			children = (
				00E356F11AD99517003FC87E /* Info.plist */,
			);
			name = "Supporting Files";
			sourceTree = "<group>";
		};
		13B07FAE1A68108700A75B9A /* dream_mobile */ = {
			isa = PBXGroup;
			children = (
				13B07FAF1A68108700A75B9A /* AppDelegate.h */,
				13B07FB01A68108700A75B9A /* AppDelegate.mm */,
				13B07FB51A68108700A75B9A /* Images.xcassets */,
				13B07FB61A68108700A75B9A /* Info.plist */,
				81AB9BB72411601600AC10FF /* LaunchScreen.storyboard */,
				13B07FB71A68108700A75B9A /* main.m */,
			);
			name = dream_mobile;
			sourceTree = "<group>";
		};
		2D16E6871FA4F8E400B85C8A /* Frameworks */ = {
			isa = PBXGroup;
			children = (
				ED297162215061F000B7C4FE /* JavaScriptCore.framework */,
				5DCACB8F33CDC322A6C60F78 /* libPods-dream_mobile.a */,
				19F6CBCC0A4E27FBF8BF4A61 /* libPods-dream_mobile-dream_mobileTests.a */,
			);
			name = Frameworks;
			sourceTree = "<group>";
		};
		832341AE1AAA6A7D00B99B32 /* Libraries */ = {
			isa = PBXGroup;
			children = (
			);
			name = Libraries;
			sourceTree = "<group>";
		};
		83CBB9F61A601CBA00E9B192 = {
			isa = PBXGroup;
			children = (
				13B07FAE1A68108700A75B9A /* dream_mobile */,
				832341AE1AAA6A7D00B99B32 /* Libraries */,
				00E356EF1AD99517003FC87E /* dream_mobileTests */,
				83CBBA001A601CBA00E9B192 /* Products */,
				2D16E6871FA4F8E400B85C8A /* Frameworks */,
				BBD78D7AC51CEA395F1C20DB /* Pods */,
				DEEAAD322E2D4B418A57BC2D /* Resources */,
			);
			indentWidth = 2;
			sourceTree = "<group>";
			tabWidth = 2;
			usesTabs = 0;
		};
		83CBBA001A601CBA00E9B192 /* Products */ = {
			isa = PBXGroup;
			children = (
				13B07F961A680F5B00A75B9A /* dream_mobile.app */,
				00E356EE1AD99517003FC87E /* dream_mobileTests.xctest */,
			);
			name = Products;
			sourceTree = "<group>";
		};
		BBD78D7AC51CEA395F1C20DB /* Pods */ = {
			isa = PBXGroup;
			children = (
				3B4392A12AC88292D35C810B /* Pods-dream_mobile.debug.xcconfig */,
				5709B34CF0A7D63546082F79 /* Pods-dream_mobile.release.xcconfig */,
				5B7EB9410499542E8C5724F5 /* Pods-dream_mobile-dream_mobileTests.debug.xcconfig */,
				89C6BE57DB24E9ADA2F236DE /* Pods-dream_mobile-dream_mobileTests.release.xcconfig */,
			);
			path = Pods;
			sourceTree = "<group>";
		};
		DEEAAD322E2D4B418A57BC2D /* Resources */ = {
			isa = "PBXGroup";
			children = (
				B1AA7875A69140C497ED8E43 /* BeVietnamPro-Black.ttf */,
				9EFE6A3653E74A98889D80F2 /* BeVietnamPro-BlackItalic.ttf */,
				708CAD948B034534B4AC785F /* BeVietnamPro-Bold.ttf */,
				BFA564BFD0324B29B59D08ED /* BeVietnamPro-BoldItalic.ttf */,
				94B41E52A6394745B80056C4 /* BeVietnamPro-ExtraBold.ttf */,
				A0855117717A408A81C36DC9 /* BeVietnamPro-ExtraBoldItalic.ttf */,
				06EB5E3ECCF34890BA05D6DB /* BeVietnamPro-ExtraLight.ttf */,
				DDC5C21C64B645FEAD4AA1B1 /* BeVietnamPro-ExtraLightItalic.ttf */,
				96B66FCB219E4267BBC843C7 /* BeVietnamPro-Italic.ttf */,
				EC6182140F16442EB75C370D /* BeVietnamPro-Light.ttf */,
				EA32E0ECED8046589FE32233 /* BeVietnamPro-LightItalic.ttf */,
				0FCE5883AEEF473785277C09 /* BeVietnamPro-Medium.ttf */,
				7D0F61F65C274701B10813B6 /* BeVietnamPro-MediumItalic.ttf */,
				22299AA1C0024574A9B80CC4 /* BeVietnamPro-Regular.ttf */,
				C9020EA94FB1422592509E69 /* BeVietnamPro-SemiBold.ttf */,
				DB6CA34CE2834CEEA701EA93 /* BeVietnamPro-SemiBoldItalic.ttf */,
				5784AE65D69E450B97013858 /* BeVietnamPro-Thin.ttf */,
				D16FDE33DC8E4BC09D7A1348 /* BeVietnamPro-ThinItalic.ttf */,
				F69DC1CCB19A43F3A3CABEE2 /* Borel-Regular.ttf */,
				F7D942B30D0C4B42AC7F83AC /* lato-black.ttf */,
				4A8F83AA32FF4F1FB15C4F25 /* lato-blackitalic.ttf */,
				A11B979C2D56412FBEEDC401 /* lato-bold.ttf */,
				63795F65B5CE4D6EBDAE9365 /* lato-bolditalic.ttf */,
				85293961F9D9451F942A9D32 /* lato-hairline.ttf */,
				E0E07202CBAC42B5813692AC /* lato-hairlineitalic.ttf */,
				D6386B748DED4F63B0789E88 /* lato-heavy.ttf */,
				7D8AA348F26C4D919AACB65F /* lato-heavyitalic.ttf */,
				4E4C2AAF746843D284114C28 /* lato-italic.ttf */,
				700982B412264DF3931B7015 /* lato-light.ttf */,
				F0DB743FF46640D0A3199A69 /* lato-lightitalic.ttf */,
				DE9FC546BD064CD087C8AE72 /* lato-medium.ttf */,
				295137743AA746B4929E4655 /* lato-mediumitalic.ttf */,
				74044E1E05214D11BC23C03B /* lato-regular.ttf */,
				0150A4FF95474924BC71BE62 /* lato-semibold.ttf */,
				A9F8D33E667841CA846F11E7 /* lato-semibolditalic.ttf */,
				59614C60C6994698BAA20AF8 /* lato-thin.ttf */,
				613ECF6EE92C44538E437B7E /* lato-thinitalic.ttf */,
				6D264DC04DD644A594EDDD5C /* IBMPlexSansArabic-Bold.ttf */,
				26199DD2D3AA4FC5BB75AD61 /* IBMPlexSansArabic-ExtraLight.ttf */,
				8DEE605C3C90452BB845C901 /* IBMPlexSansArabic-Light.ttf */,
				B96E1290DC0642DCA3CA8CD5 /* IBMPlexSansArabic-Medium.ttf */,
				44C968AF51C843089C0F0E33 /* IBMPlexSansArabic-Regular.ttf */,
				820C6C713E9940A2B21BD700 /* IBMPlexSansArabic-SemiBold.ttf */,
				169ECC7D60CD42619C56652D /* IBMPlexSansArabic-Thin.ttf */,
			);
			name = Resources;
			sourceTree = "<group>";
			path = "";
		};
/* End PBXGroup section */

/* Begin PBXNativeTarget section */
		00E356ED1AD99517003FC87E /* dream_mobileTests */ = {
			isa = PBXNativeTarget;
			buildConfigurationList = 00E357021AD99517003FC87E /* Build configuration list for PBXNativeTarget "dream_mobileTests" */;
			buildPhases = (
				A55EABD7B0C7F3A422A6CC61 /* [CP] Check Pods Manifest.lock */,
				00E356EA1AD99517003FC87E /* Sources */,
				00E356EB1AD99517003FC87E /* Frameworks */,
				00E356EC1AD99517003FC87E /* Resources */,
				C59DA0FBD6956966B86A3779 /* [CP] Embed Pods Frameworks */,
				F6A41C54EA430FDDC6A6ED99 /* [CP] Copy Pods Resources */,
			);
			buildRules = (
			);
			dependencies = (
				00E356F51AD99517003FC87E /* PBXTargetDependency */,
			);
			name = dream_mobileTests;
			productName = dream_mobileTests;
			productReference = 00E356EE1AD99517003FC87E /* dream_mobileTests.xctest */;
			productType = "com.apple.product-type.bundle.unit-test";
		};
		13B07F861A680F5B00A75B9A /* dream_mobile */ = {
			isa = PBXNativeTarget;
			buildConfigurationList = 13B07F931A680F5B00A75B9A /* Build configuration list for PBXNativeTarget "dream_mobile" */;
			buildPhases = (
				C38B50BA6285516D6DCD4F65 /* [CP] Check Pods Manifest.lock */,
				FD10A7F022414F080027D42C /* Start Packager */,
				13B07F871A680F5B00A75B9A /* Sources */,
				13B07F8C1A680F5B00A75B9A /* Frameworks */,
				13B07F8E1A680F5B00A75B9A /* Resources */,
				00DD1BFF1BD5951E006B06BC /* Bundle React Native code and images */,
				00EEFC60759A1932668264C0 /* [CP] Embed Pods Frameworks */,
				E235C05ADACE081382539298 /* [CP] Copy Pods Resources */,
			);
			buildRules = (
			);
			dependencies = (
			);
			name = dream_mobile;
			productName = dream_mobile;
			productReference = 13B07F961A680F5B00A75B9A /* dream_mobile.app */;
			productType = "com.apple.product-type.application";
		};
/* End PBXNativeTarget section */

/* Begin PBXProject section */
		83CBB9F71A601CBA00E9B192 /* Project object */ = {
			isa = PBXProject;
			attributes = {
				LastUpgradeCheck = 1210;
				TargetAttributes = {
					00E356ED1AD99517003FC87E = {
						CreatedOnToolsVersion = 6.2;
						TestTargetID = 13B07F861A680F5B00A75B9A;
					};
					13B07F861A680F5B00A75B9A = {
						LastSwiftMigration = 1120;
					};
				};
			};
			buildConfigurationList = 83CBB9FA1A601CBA00E9B192 /* Build configuration list for PBXProject "dream_mobile" */;
			compatibilityVersion = "Xcode 12.0";
			developmentRegion = en;
			hasScannedForEncodings = 0;
			knownRegions = (
				en,
				Base,
			);
			mainGroup = 83CBB9F61A601CBA00E9B192;
			productRefGroup = 83CBBA001A601CBA00E9B192 /* Products */;
			projectDirPath = "";
			projectRoot = "";
			targets = (
				13B07F861A680F5B00A75B9A /* dream_mobile */,
				00E356ED1AD99517003FC87E /* dream_mobileTests */,
			);
		};
/* End PBXProject section */

/* Begin PBXResourcesBuildPhase section */
		00E356EC1AD99517003FC87E /* Resources */ = {
			isa = PBXResourcesBuildPhase;
			buildActionMask = 2147483647;
			files = (
			);
			runOnlyForDeploymentPostprocessing = 0;
		};
		13B07F8E1A680F5B00A75B9A /* Resources */ = {
			isa = PBXResourcesBuildPhase;
			buildActionMask = 2147483647;
			files = (
				81AB9BB82411601600AC10FF /* LaunchScreen.storyboard in Resources */,
				13B07FBF1A68108700A75B9A /* Images.xcassets in Resources */,
				D5EAFA5C255140C197899471 /* BeVietnamPro-Black.ttf in Resources */,
				AC13692E0E054E65A2D891DC /* BeVietnamPro-BlackItalic.ttf in Resources */,
				D9E0A146AD924A0FAB188EE2 /* BeVietnamPro-Bold.ttf in Resources */,
				AF54A98F2E3D4505B8B37A29 /* BeVietnamPro-BoldItalic.ttf in Resources */,
				4DBFEB30576C4540931174F3 /* BeVietnamPro-ExtraBold.ttf in Resources */,
				C96AA8B3C30A44259C9AC12A /* BeVietnamPro-ExtraBoldItalic.ttf in Resources */,
				A7E1C1109851429FADCAC734 /* BeVietnamPro-ExtraLight.ttf in Resources */,
				D4F6956C98C84820AB78B5AA /* BeVietnamPro-ExtraLightItalic.ttf in Resources */,
				97084993ACD641CCA6A2C95B /* BeVietnamPro-Italic.ttf in Resources */,
				F6FA8EF2133C4041A7D51A29 /* BeVietnamPro-Light.ttf in Resources */,
				336193CABF1D469ABC1674C5 /* BeVietnamPro-LightItalic.ttf in Resources */,
				46B199CAED7848A7A619E7D4 /* BeVietnamPro-Medium.ttf in Resources */,
				AFA2BA957E2B4A2CA417AD83 /* BeVietnamPro-MediumItalic.ttf in Resources */,
				76BFFD0F9CB34A289B58C9E9 /* BeVietnamPro-Regular.ttf in Resources */,
				141D72D085AD4153AD7E2E86 /* BeVietnamPro-SemiBold.ttf in Resources */,
				1C123AA377BC46B79860CB26 /* BeVietnamPro-SemiBoldItalic.ttf in Resources */,
				89B204845BD24C9B9183CF92 /* BeVietnamPro-Thin.ttf in Resources */,
				180D0EAE2C064F36A110F752 /* BeVietnamPro-ThinItalic.ttf in Resources */,
				93C84DEE2F63486D831522A3 /* Borel-Regular.ttf in Resources */,
				F16C86572AE046DA92118659 /* lato-black.ttf in Resources */,
				24B281DA5BD1408687EDF254 /* lato-blackitalic.ttf in Resources */,
				78951CB00E404C7596ED3BE3 /* lato-bold.ttf in Resources */,
				8339448079AB444A8820D33B /* lato-bolditalic.ttf in Resources */,
				6DC0C4EEC3FE475F89841F50 /* lato-hairline.ttf in Resources */,
				39508ADFCF634B17BF155627 /* lato-hairlineitalic.ttf in Resources */,
				DDC70039E8BC47B3AAE70A8D /* lato-heavy.ttf in Resources */,
				934C1B53343F4AD88AD58D0E /* lato-heavyitalic.ttf in Resources */,
				FC5411891F984F5B9DF48C47 /* lato-italic.ttf in Resources */,
				AA640D0BDABB42209ED3FC85 /* lato-light.ttf in Resources */,
				F210C633EA9D471396396EAA /* lato-lightitalic.ttf in Resources */,
				FDEBD10D4867444BA6BBD4EF /* lato-medium.ttf in Resources */,
				1AEACAD65209428A9D2A83B7 /* lato-mediumitalic.ttf in Resources */,
				85CE0A09463A433F96AC9070 /* lato-regular.ttf in Resources */,
				0EBA8564929A43A1A1247BFB /* lato-semibold.ttf in Resources */,
				D17BAF5356224A4587DC5997 /* lato-semibolditalic.ttf in Resources */,
				F448DC4554D24273AA0809F3 /* lato-thin.ttf in Resources */,
				3F3CF439B8B1480D965B90D8 /* lato-thinitalic.ttf in Resources */,
				D2C49398596F4E41A6AC20B9 /* IBMPlexSansArabic-Bold.ttf in Resources */,
				1428B62A04C44B8997E81D91 /* IBMPlexSansArabic-ExtraLight.ttf in Resources */,
				E01FEA0F148343F988EEB9C6 /* IBMPlexSansArabic-Light.ttf in Resources */,
				284869556B94475E886C252D /* IBMPlexSansArabic-Medium.ttf in Resources */,
				F648AD34F618434A94101B9A /* IBMPlexSansArabic-Regular.ttf in Resources */,
				8A3D29B8CD46438E93DA1C85 /* IBMPlexSansArabic-SemiBold.ttf in Resources */,
				19F94952F40C4359ADC80408 /* IBMPlexSansArabic-Thin.ttf in Resources */,
			);
			runOnlyForDeploymentPostprocessing = 0;
		};
/* End PBXResourcesBuildPhase section */

/* Begin PBXShellScriptBuildPhase section */
		00DD1BFF1BD5951E006B06BC /* Bundle React Native code and images */ = {
			isa = PBXShellScriptBuildPhase;
			buildActionMask = 2147483647;
			files = (
			);
			inputPaths = (
				"$(SRCROOT)/.xcode.env.local",
				"$(SRCROOT)/.xcode.env",
			);
			name = "Bundle React Native code and images";
			outputPaths = (
			);
			runOnlyForDeploymentPostprocessing = 0;
			shellPath = /bin/sh;
			shellScript = "set -e\n\nWITH_ENVIRONMENT=\"../node_modules/react-native/scripts/xcode/with-environment.sh\"\nREACT_NATIVE_XCODE=\"../node_modules/react-native/scripts/react-native-xcode.sh\"\n\n/bin/sh -c \"$WITH_ENVIRONMENT $REACT_NATIVE_XCODE\"\n";
		};
		00EEFC60759A1932668264C0 /* [CP] Embed Pods Frameworks */ = {
			isa = PBXShellScriptBuildPhase;
			buildActionMask = 2147483647;
			files = (
			);
			inputFileListPaths = (
				"${PODS_ROOT}/Target Support Files/Pods-dream_mobile/Pods-dream_mobile-frameworks-${CONFIGURATION}-input-files.xcfilelist",
			);
			name = "[CP] Embed Pods Frameworks";
			outputFileListPaths = (
				"${PODS_ROOT}/Target Support Files/Pods-dream_mobile/Pods-dream_mobile-frameworks-${CONFIGURATION}-output-files.xcfilelist",
			);
			runOnlyForDeploymentPostprocessing = 0;
			shellPath = /bin/sh;
			shellScript = "\"${PODS_ROOT}/Target Support Files/Pods-dream_mobile/Pods-dream_mobile-frameworks.sh\"\n";
			showEnvVarsInLog = 0;
		};
		A55EABD7B0C7F3A422A6CC61 /* [CP] Check Pods Manifest.lock */ = {
			isa = PBXShellScriptBuildPhase;
			buildActionMask = 2147483647;
			files = (
			);
			inputFileListPaths = (
			);
			inputPaths = (
				"${PODS_PODFILE_DIR_PATH}/Podfile.lock",
				"${PODS_ROOT}/Manifest.lock",
			);
			name = "[CP] Check Pods Manifest.lock";
			outputFileListPaths = (
			);
			outputPaths = (
				"$(DERIVED_FILE_DIR)/Pods-dream_mobile-dream_mobileTests-checkManifestLockResult.txt",
			);
			runOnlyForDeploymentPostprocessing = 0;
			shellPath = /bin/sh;
			shellScript = "diff \"${PODS_PODFILE_DIR_PATH}/Podfile.lock\" \"${PODS_ROOT}/Manifest.lock\" > /dev/null\nif [ $? != 0 ] ; then\n    # print error to STDERR\n    echo \"error: The sandbox is not in sync with the Podfile.lock. Run 'pod install' or update your CocoaPods installation.\" >&2\n    exit 1\nfi\n# This output is used by Xcode 'outputs' to avoid re-running this script phase.\necho \"SUCCESS\" > \"${SCRIPT_OUTPUT_FILE_0}\"\n";
			showEnvVarsInLog = 0;
		};
		C38B50BA6285516D6DCD4F65 /* [CP] Check Pods Manifest.lock */ = {
			isa = PBXShellScriptBuildPhase;
			buildActionMask = 2147483647;
			files = (
			);
			inputFileListPaths = (
			);
			inputPaths = (
				"${PODS_PODFILE_DIR_PATH}/Podfile.lock",
				"${PODS_ROOT}/Manifest.lock",
			);
			name = "[CP] Check Pods Manifest.lock";
			outputFileListPaths = (
			);
			outputPaths = (
				"$(DERIVED_FILE_DIR)/Pods-dream_mobile-checkManifestLockResult.txt",
			);
			runOnlyForDeploymentPostprocessing = 0;
			shellPath = /bin/sh;
			shellScript = "diff \"${PODS_PODFILE_DIR_PATH}/Podfile.lock\" \"${PODS_ROOT}/Manifest.lock\" > /dev/null\nif [ $? != 0 ] ; then\n    # print error to STDERR\n    echo \"error: The sandbox is not in sync with the Podfile.lock. Run 'pod install' or update your CocoaPods installation.\" >&2\n    exit 1\nfi\n# This output is used by Xcode 'outputs' to avoid re-running this script phase.\necho \"SUCCESS\" > \"${SCRIPT_OUTPUT_FILE_0}\"\n";
			showEnvVarsInLog = 0;
		};
		C59DA0FBD6956966B86A3779 /* [CP] Embed Pods Frameworks */ = {
			isa = PBXShellScriptBuildPhase;
			buildActionMask = 2147483647;
			files = (
			);
			inputFileListPaths = (
				"${PODS_ROOT}/Target Support Files/Pods-dream_mobile-dream_mobileTests/Pods-dream_mobile-dream_mobileTests-frameworks-${CONFIGURATION}-input-files.xcfilelist",
			);
			name = "[CP] Embed Pods Frameworks";
			outputFileListPaths = (
				"${PODS_ROOT}/Target Support Files/Pods-dream_mobile-dream_mobileTests/Pods-dream_mobile-dream_mobileTests-frameworks-${CONFIGURATION}-output-files.xcfilelist",
			);
			runOnlyForDeploymentPostprocessing = 0;
			shellPath = /bin/sh;
			shellScript = "\"${PODS_ROOT}/Target Support Files/Pods-dream_mobile-dream_mobileTests/Pods-dream_mobile-dream_mobileTests-frameworks.sh\"\n";
			showEnvVarsInLog = 0;
		};
		E235C05ADACE081382539298 /* [CP] Copy Pods Resources */ = {
			isa = PBXShellScriptBuildPhase;
			buildActionMask = 2147483647;
			files = (
			);
			inputFileListPaths = (
				"${PODS_ROOT}/Target Support Files/Pods-dream_mobile/Pods-dream_mobile-resources-${CONFIGURATION}-input-files.xcfilelist",
			);
			name = "[CP] Copy Pods Resources";
			outputFileListPaths = (
				"${PODS_ROOT}/Target Support Files/Pods-dream_mobile/Pods-dream_mobile-resources-${CONFIGURATION}-output-files.xcfilelist",
			);
			runOnlyForDeploymentPostprocessing = 0;
			shellPath = /bin/sh;
			shellScript = "\"${PODS_ROOT}/Target Support Files/Pods-dream_mobile/Pods-dream_mobile-resources.sh\"\n";
			showEnvVarsInLog = 0;
		};
		F6A41C54EA430FDDC6A6ED99 /* [CP] Copy Pods Resources */ = {
			isa = PBXShellScriptBuildPhase;
			buildActionMask = 2147483647;
			files = (
			);
			inputFileListPaths = (
				"${PODS_ROOT}/Target Support Files/Pods-dream_mobile-dream_mobileTests/Pods-dream_mobile-dream_mobileTests-resources-${CONFIGURATION}-input-files.xcfilelist",
			);
			name = "[CP] Copy Pods Resources";
			outputFileListPaths = (
				"${PODS_ROOT}/Target Support Files/Pods-dream_mobile-dream_mobileTests/Pods-dream_mobile-dream_mobileTests-resources-${CONFIGURATION}-output-files.xcfilelist",
			);
			runOnlyForDeploymentPostprocessing = 0;
			shellPath = /bin/sh;
			shellScript = "\"${PODS_ROOT}/Target Support Files/Pods-dream_mobile-dream_mobileTests/Pods-dream_mobile-dream_mobileTests-resources.sh\"\n";
			showEnvVarsInLog = 0;
		};
		FD10A7F022414F080027D42C /* Start Packager */ = {
			isa = PBXShellScriptBuildPhase;
			buildActionMask = 2147483647;
			files = (
			);
			inputFileListPaths = (
			);
			inputPaths = (
			);
			name = "Start Packager";
			outputFileListPaths = (
			);
			outputPaths = (
			);
			runOnlyForDeploymentPostprocessing = 0;
			shellPath = /bin/sh;
			shellScript = "export RCT_METRO_PORT=\"${RCT_METRO_PORT:=8081}\"\necho \"export RCT_METRO_PORT=${RCT_METRO_PORT}\" > \"${SRCROOT}/../node_modules/react-native/scripts/.packager.env\"\nif [ -z \"${RCT_NO_LAUNCH_PACKAGER+xxx}\" ] ; then\n  if nc -w 5 -z localhost ${RCT_METRO_PORT} ; then\n    if ! curl -s \"http://localhost:${RCT_METRO_PORT}/status\" | grep -q \"packager-status:running\" ; then\n      echo \"Port ${RCT_METRO_PORT} already in use, packager is either not running or not running correctly\"\n      exit 2\n    fi\n  else\n    open \"$SRCROOT/../node_modules/react-native/scripts/launchPackager.command\" || echo \"Can't start packager automatically\"\n  fi\nfi\n";
			showEnvVarsInLog = 0;
		};
/* End PBXShellScriptBuildPhase section */

/* Begin PBXSourcesBuildPhase section */
		00E356EA1AD99517003FC87E /* Sources */ = {
			isa = PBXSourcesBuildPhase;
			buildActionMask = 2147483647;
			files = (
				00E356F31AD99517003FC87E /* dream_mobileTests.m in Sources */,
			);
			runOnlyForDeploymentPostprocessing = 0;
		};
		13B07F871A680F5B00A75B9A /* Sources */ = {
			isa = PBXSourcesBuildPhase;
			buildActionMask = 2147483647;
			files = (
				13B07FBC1A68108700A75B9A /* AppDelegate.mm in Sources */,
				13B07FC11A68108700A75B9A /* main.m in Sources */,
			);
			runOnlyForDeploymentPostprocessing = 0;
		};
/* End PBXSourcesBuildPhase section */

/* Begin PBXTargetDependency section */
		00E356F51AD99517003FC87E /* PBXTargetDependency */ = {
			isa = PBXTargetDependency;
			target = 13B07F861A680F5B00A75B9A /* dream_mobile */;
			targetProxy = 00E356F41AD99517003FC87E /* PBXContainerItemProxy */;
		};
/* End PBXTargetDependency section */

/* Begin XCBuildConfiguration section */
		00E356F61AD99517003FC87E /* Debug */ = {
			isa = XCBuildConfiguration;
			baseConfigurationReference = 5B7EB9410499542E8C5724F5 /* Pods-dream_mobile-dream_mobileTests.debug.xcconfig */;
			buildSettings = {
				BUNDLE_LOADER = "$(TEST_HOST)";
				GCC_PREPROCESSOR_DEFINITIONS = (
					"DEBUG=1",
					"$(inherited)",
				);
				INFOPLIST_FILE = dream_mobileTests/Info.plist;
				IPHONEOS_DEPLOYMENT_TARGET = 12.4;
				LD_RUNPATH_SEARCH_PATHS = (
					"$(inherited)",
					"@executable_path/Frameworks",
					"@loader_path/Frameworks",
				);
				OTHER_LDFLAGS = (
					"-ObjC",
					"-lc++",
					"$(inherited)",
				);
				PRODUCT_BUNDLE_IDENTIFIER = "org.reactjs.native.example.$(PRODUCT_NAME:rfc1034identifier)";
				PRODUCT_NAME = "$(TARGET_NAME)";
				TEST_HOST = "$(BUILT_PRODUCTS_DIR)/dream_mobile.app/dream_mobile";
			};
			name = Debug;
		};
		00E356F71AD99517003FC87E /* Release */ = {
			isa = XCBuildConfiguration;
			baseConfigurationReference = 89C6BE57DB24E9ADA2F236DE /* Pods-dream_mobile-dream_mobileTests.release.xcconfig */;
			buildSettings = {
				BUNDLE_LOADER = "$(TEST_HOST)";
				COPY_PHASE_STRIP = NO;
				INFOPLIST_FILE = dream_mobileTests/Info.plist;
				IPHONEOS_DEPLOYMENT_TARGET = 12.4;
				LD_RUNPATH_SEARCH_PATHS = (
					"$(inherited)",
					"@executable_path/Frameworks",
					"@loader_path/Frameworks",
				);
				OTHER_LDFLAGS = (
					"-ObjC",
					"-lc++",
					"$(inherited)",
				);
				PRODUCT_BUNDLE_IDENTIFIER = "org.reactjs.native.example.$(PRODUCT_NAME:rfc1034identifier)";
				PRODUCT_NAME = "$(TARGET_NAME)";
				TEST_HOST = "$(BUILT_PRODUCTS_DIR)/dream_mobile.app/dream_mobile";
			};
			name = Release;
		};
		13B07F941A680F5B00A75B9A /* Debug */ = {
			isa = XCBuildConfiguration;
			baseConfigurationReference = 3B4392A12AC88292D35C810B /* Pods-dream_mobile.debug.xcconfig */;
			buildSettings = {
				ASSETCATALOG_COMPILER_APPICON_NAME = AppIcon;
				CLANG_ENABLE_MODULES = YES;
				CURRENT_PROJECT_VERSION = 1;
				ENABLE_BITCODE = NO;
				INFOPLIST_FILE = dream_mobile/Info.plist;
				LD_RUNPATH_SEARCH_PATHS = (
					"$(inherited)",
					"@executable_path/Frameworks",
				);
				MARKETING_VERSION = 1.0;
				OTHER_LDFLAGS = (
					"$(inherited)",
					"-ObjC",
					"-lc++",
				);
				PRODUCT_BUNDLE_IDENTIFIER = "org.reactjs.native.example.$(PRODUCT_NAME:rfc1034identifier)";
				PRODUCT_NAME = dream_mobile;
				SWIFT_OPTIMIZATION_LEVEL = "-Onone";
				SWIFT_VERSION = 5.0;
				VERSIONING_SYSTEM = "apple-generic";
			};
			name = Debug;
		};
		13B07F951A680F5B00A75B9A /* Release */ = {
			isa = XCBuildConfiguration;
			baseConfigurationReference = 5709B34CF0A7D63546082F79 /* Pods-dream_mobile.release.xcconfig */;
			buildSettings = {
				ASSETCATALOG_COMPILER_APPICON_NAME = AppIcon;
				CLANG_ENABLE_MODULES = YES;
				CURRENT_PROJECT_VERSION = 1;
				INFOPLIST_FILE = dream_mobile/Info.plist;
				LD_RUNPATH_SEARCH_PATHS = (
					"$(inherited)",
					"@executable_path/Frameworks",
				);
				MARKETING_VERSION = 1.0;
				OTHER_LDFLAGS = (
					"$(inherited)",
					"-ObjC",
					"-lc++",
				);
				PRODUCT_BUNDLE_IDENTIFIER = "org.reactjs.native.example.$(PRODUCT_NAME:rfc1034identifier)";
				PRODUCT_NAME = dream_mobile;
				SWIFT_VERSION = 5.0;
				VERSIONING_SYSTEM = "apple-generic";
			};
			name = Release;
		};
		83CBBA201A601CBA00E9B192 /* Debug */ = {
			isa = XCBuildConfiguration;
			buildSettings = {
				ALWAYS_SEARCH_USER_PATHS = NO;
				CLANG_ANALYZER_LOCALIZABILITY_NONLOCALIZED = YES;
				CLANG_CXX_LANGUAGE_STANDARD = "c++17";
				CLANG_CXX_LIBRARY = "libc++";
				CLANG_ENABLE_MODULES = YES;
				CLANG_ENABLE_OBJC_ARC = YES;
				CLANG_WARN_BLOCK_CAPTURE_AUTORELEASING = YES;
				CLANG_WARN_BOOL_CONVERSION = YES;
				CLANG_WARN_COMMA = YES;
				CLANG_WARN_CONSTANT_CONVERSION = YES;
				CLANG_WARN_DEPRECATED_OBJC_IMPLEMENTATIONS = YES;
				CLANG_WARN_DIRECT_OBJC_ISA_USAGE = YES_ERROR;
				CLANG_WARN_EMPTY_BODY = YES;
				CLANG_WARN_ENUM_CONVERSION = YES;
				CLANG_WARN_INFINITE_RECURSION = YES;
				CLANG_WARN_INT_CONVERSION = YES;
				CLANG_WARN_NON_LITERAL_NULL_CONVERSION = YES;
				CLANG_WARN_OBJC_IMPLICIT_RETAIN_SELF = YES;
				CLANG_WARN_OBJC_LITERAL_CONVERSION = YES;
				CLANG_WARN_OBJC_ROOT_CLASS = YES_ERROR;
				CLANG_WARN_QUOTED_INCLUDE_IN_FRAMEWORK_HEADER = YES;
				CLANG_WARN_RANGE_LOOP_ANALYSIS = YES;
				CLANG_WARN_STRICT_PROTOTYPES = YES;
				CLANG_WARN_SUSPICIOUS_MOVE = YES;
				CLANG_WARN_UNREACHABLE_CODE = YES;
				CLANG_WARN__DUPLICATE_METHOD_MATCH = YES;
				"CODE_SIGN_IDENTITY[sdk=iphoneos*]" = "iPhone Developer";
				COPY_PHASE_STRIP = NO;
				ENABLE_STRICT_OBJC_MSGSEND = YES;
				ENABLE_TESTABILITY = YES;
				"EXCLUDED_ARCHS[sdk=iphonesimulator*]" = "";
				GCC_C_LANGUAGE_STANDARD = gnu99;
				GCC_DYNAMIC_NO_PIC = NO;
				GCC_NO_COMMON_BLOCKS = YES;
				GCC_OPTIMIZATION_LEVEL = 0;
				GCC_PREPROCESSOR_DEFINITIONS = (
					"DEBUG=1",
					"$(inherited)",
				);
				GCC_SYMBOLS_PRIVATE_EXTERN = NO;
				GCC_WARN_64_TO_32_BIT_CONVERSION = YES;
				GCC_WARN_ABOUT_RETURN_TYPE = YES_ERROR;
				GCC_WARN_UNDECLARED_SELECTOR = YES;
				GCC_WARN_UNINITIALIZED_AUTOS = YES_AGGRESSIVE;
				GCC_WARN_UNUSED_FUNCTION = YES;
				GCC_WARN_UNUSED_VARIABLE = YES;
				IPHONEOS_DEPLOYMENT_TARGET = 12.4;
				LD_RUNPATH_SEARCH_PATHS = (
					/usr/lib/swift,
					"$(inherited)",
				);
				LIBRARY_SEARCH_PATHS = (
					"\"$(SDKROOT)/usr/lib/swift\"",
					"\"$(TOOLCHAIN_DIR)/usr/lib/swift/$(PLATFORM_NAME)\"",
					"\"$(inherited)\"",
				);
				MTL_ENABLE_DEBUG_INFO = YES;
				ONLY_ACTIVE_ARCH = YES;
				OTHER_CPLUSPLUSFLAGS = (
					"$(OTHER_CFLAGS)",
					"-DFOLLY_NO_CONFIG",
					"-DFOLLY_MOBILE=1",
					"-DFOLLY_USE_LIBCPP=1",
				);
				SDKROOT = iphoneos;
			};
			name = Debug;
		};
		83CBBA211A601CBA00E9B192 /* Release */ = {
			isa = XCBuildConfiguration;
			buildSettings = {
				ALWAYS_SEARCH_USER_PATHS = NO;
				CLANG_ANALYZER_LOCALIZABILITY_NONLOCALIZED = YES;
				CLANG_CXX_LANGUAGE_STANDARD = "c++17";
				CLANG_CXX_LIBRARY = "libc++";
				CLANG_ENABLE_MODULES = YES;
				CLANG_ENABLE_OBJC_ARC = YES;
				CLANG_WARN_BLOCK_CAPTURE_AUTORELEASING = YES;
				CLANG_WARN_BOOL_CONVERSION = YES;
				CLANG_WARN_COMMA = YES;
				CLANG_WARN_CONSTANT_CONVERSION = YES;
				CLANG_WARN_DEPRECATED_OBJC_IMPLEMENTATIONS = YES;
				CLANG_WARN_DIRECT_OBJC_ISA_USAGE = YES_ERROR;
				CLANG_WARN_EMPTY_BODY = YES;
				CLANG_WARN_ENUM_CONVERSION = YES;
				CLANG_WARN_INFINITE_RECURSION = YES;
				CLANG_WARN_INT_CONVERSION = YES;
				CLANG_WARN_NON_LITERAL_NULL_CONVERSION = YES;
				CLANG_WARN_OBJC_IMPLICIT_RETAIN_SELF = YES;
				CLANG_WARN_OBJC_LITERAL_CONVERSION = YES;
				CLANG_WARN_OBJC_ROOT_CLASS = YES_ERROR;
				CLANG_WARN_QUOTED_INCLUDE_IN_FRAMEWORK_HEADER = YES;
				CLANG_WARN_RANGE_LOOP_ANALYSIS = YES;
				CLANG_WARN_STRICT_PROTOTYPES = YES;
				CLANG_WARN_SUSPICIOUS_MOVE = YES;
				CLANG_WARN_UNREACHABLE_CODE = YES;
				CLANG_WARN__DUPLICATE_METHOD_MATCH = YES;
				"CODE_SIGN_IDENTITY[sdk=iphoneos*]" = "iPhone Developer";
				COPY_PHASE_STRIP = YES;
				ENABLE_NS_ASSERTIONS = NO;
				ENABLE_STRICT_OBJC_MSGSEND = YES;
				"EXCLUDED_ARCHS[sdk=iphonesimulator*]" = "";
				GCC_C_LANGUAGE_STANDARD = gnu99;
				GCC_NO_COMMON_BLOCKS = YES;
				GCC_WARN_64_TO_32_BIT_CONVERSION = YES;
				GCC_WARN_ABOUT_RETURN_TYPE = YES_ERROR;
				GCC_WARN_UNDECLARED_SELECTOR = YES;
				GCC_WARN_UNINITIALIZED_AUTOS = YES_AGGRESSIVE;
				GCC_WARN_UNUSED_FUNCTION = YES;
				GCC_WARN_UNUSED_VARIABLE = YES;
				IPHONEOS_DEPLOYMENT_TARGET = 12.4;
				LD_RUNPATH_SEARCH_PATHS = (
					/usr/lib/swift,
					"$(inherited)",
				);
				LIBRARY_SEARCH_PATHS = (
					"\"$(SDKROOT)/usr/lib/swift\"",
					"\"$(TOOLCHAIN_DIR)/usr/lib/swift/$(PLATFORM_NAME)\"",
					"\"$(inherited)\"",
				);
				MTL_ENABLE_DEBUG_INFO = NO;
				OTHER_CPLUSPLUSFLAGS = (
					"$(OTHER_CFLAGS)",
					"-DFOLLY_NO_CONFIG",
					"-DFOLLY_MOBILE=1",
					"-DFOLLY_USE_LIBCPP=1",
				);
				SDKROOT = iphoneos;
				VALIDATE_PRODUCT = YES;
			};
			name = Release;
		};
/* End XCBuildConfiguration section */

/* Begin XCConfigurationList section */
		00E357021AD99517003FC87E /* Build configuration list for PBXNativeTarget "dream_mobileTests" */ = {
			isa = XCConfigurationList;
			buildConfigurations = (
				00E356F61AD99517003FC87E /* Debug */,
				00E356F71AD99517003FC87E /* Release */,
			);
			defaultConfigurationIsVisible = 0;
			defaultConfigurationName = Release;
		};
		13B07F931A680F5B00A75B9A /* Build configuration list for PBXNativeTarget "dream_mobile" */ = {
			isa = XCConfigurationList;
			buildConfigurations = (
				13B07F941A680F5B00A75B9A /* Debug */,
				13B07F951A680F5B00A75B9A /* Release */,
			);
			defaultConfigurationIsVisible = 0;
			defaultConfigurationName = Release;
		};
		83CBB9FA1A601CBA00E9B192 /* Build configuration list for PBXProject "dream_mobile" */ = {
			isa = XCConfigurationList;
			buildConfigurations = (
				83CBBA201A601CBA00E9B192 /* Debug */,
				83CBBA211A601CBA00E9B192 /* Release */,
			);
			defaultConfigurationIsVisible = 0;
			defaultConfigurationName = Release;
		};
/* End XCConfigurationList section */
	};
	rootObject = 83CBB9F71A601CBA00E9B192 /* Project object */;
}
